
Microsoft Visual Studio Solution File, Format Version 12.00
# Visual Studio Version 17
VisualStudioVersion = 17.10.34928.147
MinimumVisualStudioVersion = 10.0.40219.1
Project("{9A19103F-16F7-4668-BE54-9A1E7A4F7556}") = "OC_System.Dominio", "OC_System.Dominio\OC_System.Dominio.csproj", "{49E2DED0-9E3D-4E8E-8F5D-2DAC1BF1D06D}"
EndProject
Project("{9A19103F-16F7-4668-BE54-9A1E7A4F7556}") = "OC_System.DataAccess", "OC_System.DataAccess\OC_System.DataAccess.csproj", "{233128AE-EA83-4C9D-AA1E-938F96ACE843}"
EndProject
Project("{9A19103F-16F7-4668-BE54-9A1E7A4F7556}") = "OC_System.DataAccess.Test", "OC_System.DataAccess.Test\OC_System.DataAccess.Test.csproj", "{B4231687-9DBF-47C8-AF6A-8BBA94D6502E}"
EndProject
Project("{9A19103F-16F7-4668-BE54-9A1E7A4F7556}") = "OC_System.Contracts", "OC_System.Contracts\OC_System.Contracts.csproj", "{35A3B5DD-51ED-4C57-BB49-D4F3A478B324}"
EndProject
Global
	GlobalSection(SolutionConfigurationPlatforms) = preSolution
		Debug|Any CPU = Debug|Any CPU
		Release|Any CPU = Release|Any CPU
	EndGlobalSection
	GlobalSection(ProjectConfigurationPlatforms) = postSolution
		{49E2DED0-9E3D-4E8E-8F5D-2DAC1BF1D06D}.Debug|Any CPU.ActiveCfg = Debug|Any CPU
		{49E2DED0-9E3D-4E8E-8F5D-2DAC1BF1D06D}.Debug|Any CPU.Build.0 = Debug|Any CPU
		{49E2DED0-9E3D-4E8E-8F5D-2DAC1BF1D06D}.Release|Any CPU.ActiveCfg = Release|Any CPU
		{49E2DED0-9E3D-4E8E-8F5D-2DAC1BF1D06D}.Release|Any CPU.Build.0 = Release|Any CPU
		{233128AE-EA83-4C9D-AA1E-938F96ACE843}.Debug|Any CPU.ActiveCfg = Debug|Any CPU
		{233128AE-EA83-4C9D-AA1E-938F96ACE843}.Debug|Any CPU.Build.0 = Debug|Any CPU
		{233128AE-EA83-4C9D-AA1E-938F96ACE843}.Release|Any CPU.ActiveCfg = Release|Any CPU
		{233128AE-EA83-4C9D-AA1E-938F96ACE843}.Release|Any CPU.Build.0 = Release|Any CPU
		{B4231687-9DBF-47C8-AF6A-8BBA94D6502E}.Debug|Any CPU.ActiveCfg = Debug|Any CPU
		{B4231687-9DBF-47C8-AF6A-8BBA94D6502E}.Debug|Any CPU.Build.0 = Debug|Any CPU
		{B4231687-9DBF-47C8-AF6A-8BBA94D6502E}.Release|Any CPU.ActiveCfg = Release|Any CPU
		{B4231687-9DBF-47C8-AF6A-8BBA94D6502E}.Release|Any CPU.Build.0 = Release|Any CPU
		{35A3B5DD-51ED-4C57-BB49-D4F3A478B324}.Debug|Any CPU.ActiveCfg = Debug|Any CPU
		{35A3B5DD-51ED-4C57-BB49-D4F3A478B324}.Debug|Any CPU.Build.0 = Debug|Any CPU
		{35A3B5DD-51ED-4C57-BB49-D4F3A478B324}.Release|Any CPU.ActiveCfg = Release|Any CPU
		{35A3B5DD-51ED-4C57-BB49-D4F3A478B324}.Release|Any CPU.Build.0 = Release|Any CPU
	EndGlobalSection
	GlobalSection(SolutionProperties) = preSolution
		HideSolutionNode = FALSE
	EndGlobalSection
	GlobalSection(ExtensibilityGlobals) = postSolution
		SolutionGuid = {9A6C896F-BA9A-4598-A32F-C01C184A513C}
	EndGlobalSection
EndGlobal
